
Microsoft Visual Studio Solution File, Format Version 12.00
# Visual Studio Version 17
VisualStudioVersion = 17.5.33502.453
MinimumVisualStudioVersion = 10.0.40219.1
Project("{FAE04EC0-301F-11D3-BF4B-00C04F79EFBC}") = "Halonot1004_4746", "Halonot1004_4746\Halonot1004_4746.csproj", "{5CE356CA-2B6E-494F-9380-02D1F95501B8}"
EndProject
Project("{FAE04EC0-301F-11D3-BF4B-00C04F79EFBC}") = "DAL", "DAL\DAL.csproj", "{CBA99F78-A96E-4E03-B33C-265CFDC44E9B}"
EndProject
Project("{FAE04EC0-301F-11D3-BF4B-00C04F79EFBC}") = "AppServer", "AppServer\AppServer.csproj", "{27A03EB9-BAF9-4DBC-8EDE-34E7641B3873}"
EndProject
Global
	GlobalSection(SolutionConfigurationPlatforms) = preSolution
		Debug|Any CPU = Debug|Any CPU
		Release|Any CPU = Release|Any CPU
	EndGlobalSection
	GlobalSection(ProjectConfigurationPlatforms) = postSolution
		{5CE356CA-2B6E-494F-9380-02D1F95501B8}.Debug|Any CPU.ActiveCfg = Debug|Any CPU
		{5CE356CA-2B6E-494F-9380-02D1F95501B8}.Debug|Any CPU.Build.0 = Debug|Any CPU
		{5CE356CA-2B6E-494F-9380-02D1F95501B8}.Release|Any CPU.ActiveCfg = Release|Any CPU
		{5CE356CA-2B6E-494F-9380-02D1F95501B8}.Release|Any CPU.Build.0 = Release|Any CPU
		{CBA99F78-A96E-4E03-B33C-265CFDC44E9B}.Debug|Any CPU.ActiveCfg = Debug|Any CPU
		{CBA99F78-A96E-4E03-B33C-265CFDC44E9B}.Debug|Any CPU.Build.0 = Debug|Any CPU
		{CBA99F78-A96E-4E03-B33C-265CFDC44E9B}.Release|Any CPU.ActiveCfg = Release|Any CPU
		{CBA99F78-A96E-4E03-B33C-265CFDC44E9B}.Release|Any CPU.Build.0 = Release|Any CPU
		{27A03EB9-BAF9-4DBC-8EDE-34E7641B3873}.Debug|Any CPU.ActiveCfg = Debug|Any CPU
		{27A03EB9-BAF9-4DBC-8EDE-34E7641B3873}.Debug|Any CPU.Build.0 = Debug|Any CPU
		{27A03EB9-BAF9-4DBC-8EDE-34E7641B3873}.Release|Any CPU.ActiveCfg = Release|Any CPU
		{27A03EB9-BAF9-4DBC-8EDE-34E7641B3873}.Release|Any CPU.Build.0 = Release|Any CPU
	EndGlobalSection
	GlobalSection(SolutionProperties) = preSolution
		HideSolutionNode = FALSE
	EndGlobalSection
	GlobalSection(ExtensibilityGlobals) = postSolution
		SolutionGuid = {E4DDD8FF-A628-4C5A-B5FE-E8FFE209EEAB}
	EndGlobalSection
EndGlobal
